
Microsoft Visual Studio Solution File, Format Version 12.00
# Visual Studio 15
VisualStudioVersion = 15.0.26730.3
MinimumVisualStudioVersion = 10.0.40219.1
Project("{2150E333-8FDC-42A3-9474-1A3956D46DE8}") = "SolutionItems", "SolutionItems", "{0352F5D1-D2AA-4E51-AA7C-043106689E3C}"
	ProjectSection(SolutionItems) = preProject
		.gitattributes = .gitattributes
		.gitignore = .gitignore
		CHANGELOG.md = CHANGELOG.md
		LICENSE.md = LICENSE.md
		README.md = README.md
	EndProjectSection
EndProject
Project("{FAE04EC0-301F-11D3-BF4B-00C04F79EFBC}") = "OTDClient", "OTDClient\OTDClient.csproj", "{DF02136C-B401-488A-9419-00E4D11711B0}"
EndProject
Project("{930C7802-8A8C-48F9-8165-68863BCCD9DD}") = "OTDClientSetup", "OTDClientSetup\OTDClientSetup.wixproj", "{56551277-30C6-497A-91DF-6F9704764E1A}"
EndProject
Project("{9A19103F-16F7-4668-BE54-9A1E7A4F7556}") = "OTDAPI", "OTDAPI\OTDAPI.csproj", "{B5C1CAEB-FF76-4DBE-8D83-52DA3FEC62F4}"
EndProject
Global
	GlobalSection(SolutionConfigurationPlatforms) = preSolution
		Debug|Any CPU = Debug|Any CPU
		Debug|x64 = Debug|x64
		Release|Any CPU = Release|Any CPU
		Release|x64 = Release|x64
	EndGlobalSection
	GlobalSection(ProjectConfigurationPlatforms) = postSolution
		{DF02136C-B401-488A-9419-00E4D11711B0}.Debug|Any CPU.ActiveCfg = Debug|x64
		{DF02136C-B401-488A-9419-00E4D11711B0}.Debug|x64.ActiveCfg = Debug|x64
		{DF02136C-B401-488A-9419-00E4D11711B0}.Debug|x64.Build.0 = Debug|x64
		{DF02136C-B401-488A-9419-00E4D11711B0}.Release|Any CPU.ActiveCfg = Release|x64
		{DF02136C-B401-488A-9419-00E4D11711B0}.Release|x64.ActiveCfg = Release|x64
		{DF02136C-B401-488A-9419-00E4D11711B0}.Release|x64.Build.0 = Release|x64
		{56551277-30C6-497A-91DF-6F9704764E1A}.Debug|Any CPU.ActiveCfg = Debug|x64
		{56551277-30C6-497A-91DF-6F9704764E1A}.Debug|x64.ActiveCfg = Debug|x64
		{56551277-30C6-497A-91DF-6F9704764E1A}.Debug|x64.Build.0 = Debug|x64
		{56551277-30C6-497A-91DF-6F9704764E1A}.Release|Any CPU.ActiveCfg = Release|x64
		{56551277-30C6-497A-91DF-6F9704764E1A}.Release|x64.ActiveCfg = Release|x64
		{56551277-30C6-497A-91DF-6F9704764E1A}.Release|x64.Build.0 = Release|x64
		{B5C1CAEB-FF76-4DBE-8D83-52DA3FEC62F4}.Debug|Any CPU.ActiveCfg = Debug|Any CPU
		{B5C1CAEB-FF76-4DBE-8D83-52DA3FEC62F4}.Debug|Any CPU.Build.0 = Debug|Any CPU
		{B5C1CAEB-FF76-4DBE-8D83-52DA3FEC62F4}.Debug|x64.ActiveCfg = Debug|Any CPU
		{B5C1CAEB-FF76-4DBE-8D83-52DA3FEC62F4}.Debug|x64.Build.0 = Debug|Any CPU
		{B5C1CAEB-FF76-4DBE-8D83-52DA3FEC62F4}.Release|Any CPU.ActiveCfg = Release|Any CPU
		{B5C1CAEB-FF76-4DBE-8D83-52DA3FEC62F4}.Release|Any CPU.Build.0 = Release|Any CPU
		{B5C1CAEB-FF76-4DBE-8D83-52DA3FEC62F4}.Release|x64.ActiveCfg = Release|Any CPU
		{B5C1CAEB-FF76-4DBE-8D83-52DA3FEC62F4}.Release|x64.Build.0 = Release|Any CPU
	EndGlobalSection
	GlobalSection(SolutionProperties) = preSolution
		HideSolutionNode = FALSE
	EndGlobalSection
	GlobalSection(ExtensibilityGlobals) = postSolution
		SolutionGuid = {68F52332-A37C-4AAB-83A8-8ABC089603E8}
	EndGlobalSection
EndGlobal
