
Microsoft Visual Studio Solution File, Format Version 12.00
# Visual Studio 15
VisualStudioVersion = 15.0.26430.16
MinimumVisualStudioVersion = 10.0.40219.1
Project("{FAE04EC0-301F-11D3-BF4B-00C04F79EFBC}") = "OTDClient", "OTDClient\OTDClient.csproj", "{EE9F4D08-8739-40E5-A671-85D240E6D5A2}"
EndProject
Project("{FAE04EC0-301F-11D3-BF4B-00C04F79EFBC}") = "OTDServer", "OTDServer\OTDServer.csproj", "{77D5A253-D5AB-42CB-AC90-CCE148A1FB0D}"
EndProject
Project("{2150E333-8FDC-42A3-9474-1A3956D46DE8}") = "Solution Items", "Solution Items", "{6C4DD0A8-0765-41F0-9C16-8EC1BA3E8A28}"
	ProjectSection(SolutionItems) = preProject
		CHANGELOG.md = CHANGELOG.md
		LICENSE.md = LICENSE.md
		README.md = README.md
	EndProjectSection
EndProject
Project("{930C7802-8A8C-48F9-8165-68863BCCD9DD}") = "OTDClientSetup", "OTDClientSetup\OTDClientSetup.wixproj", "{43D108C8-F3C0-42DC-8D4A-9AECE7CC167A}"
	ProjectSection(ProjectDependencies) = postProject
		{EE9F4D08-8739-40E5-A671-85D240E6D5A2} = {EE9F4D08-8739-40E5-A671-85D240E6D5A2}
	EndProjectSection
EndProject
Global
	GlobalSection(SolutionConfigurationPlatforms) = preSolution
		build|x64 = build|x64
		build|x86 = build|x86
	EndGlobalSection
	GlobalSection(ProjectConfigurationPlatforms) = postSolution
		{EE9F4D08-8739-40E5-A671-85D240E6D5A2}.build|x64.ActiveCfg = build|x64
		{EE9F4D08-8739-40E5-A671-85D240E6D5A2}.build|x64.Build.0 = build|x64
		{EE9F4D08-8739-40E5-A671-85D240E6D5A2}.build|x86.ActiveCfg = build|x64
		{77D5A253-D5AB-42CB-AC90-CCE148A1FB0D}.build|x64.ActiveCfg = build|x64
		{77D5A253-D5AB-42CB-AC90-CCE148A1FB0D}.build|x64.Build.0 = build|x64
		{77D5A253-D5AB-42CB-AC90-CCE148A1FB0D}.build|x64.Deploy.0 = build|x64
		{77D5A253-D5AB-42CB-AC90-CCE148A1FB0D}.build|x86.ActiveCfg = build|x64
		{43D108C8-F3C0-42DC-8D4A-9AECE7CC167A}.build|x64.ActiveCfg = build|x64
		{43D108C8-F3C0-42DC-8D4A-9AECE7CC167A}.build|x64.Build.0 = build|x64
		{43D108C8-F3C0-42DC-8D4A-9AECE7CC167A}.build|x86.ActiveCfg = build|x64
	EndGlobalSection
	GlobalSection(SolutionProperties) = preSolution
		HideSolutionNode = FALSE
	EndGlobalSection
EndGlobal
